// !$*UTF8*$!
{
	archiveVersion = 1;
	classes = {
	};
	objectVersion = 46;
	objects = {

/* Begin PBXBuildFile section */
		9F8848BF1A928A27007F62EF /* ViewController.swift in Sources */ = {isa = PBXBuildFile; fileRef = 9F8848BE1A928A27007F62EF /* ViewController.swift */; };
		9F8848C21A928A27007F62EF /* Main.storyboard in Resources */ = {isa = PBXBuildFile; fileRef = 9F8848C01A928A27007F62EF /* Main.storyboard */; };
		9F8848D31A928A27007F62EF /* CalculatorTests.swift in Sources */ = {isa = PBXBuildFile; fileRef = 9F8848D21A928A27007F62EF /* CalculatorTests.swift */; };
		9F8848DD1A9296A4007F62EF /* AppDelegate.swift in Sources */ = {isa = PBXBuildFile; fileRef = 9F8848DC1A9296A4007F62EF /* AppDelegate.swift */; };
/* End PBXBuildFile section */

/* Begin PBXContainerItemProxy section */
		9F8848CD1A928A27007F62EF /* PBXContainerItemProxy */ = {
			isa = PBXContainerItemProxy;
			containerPortal = 9F8848AF1A928A27007F62EF /* Project object */;
			proxyType = 1;
			remoteGlobalIDString = 9F8848B61A928A27007F62EF;
			remoteInfo = Calculator;
		};
/* End PBXContainerItemProxy section */

/* Begin PBXFileReference section */
		9F8848B71A928A27007F62EF /* Calculator.app */ = {isa = PBXFileReference; explicitFileType = wrapper.application; includeInIndex = 0; path = Calculator.app; sourceTree = BUILT_PRODUCTS_DIR; };
		9F8848BB1A928A27007F62EF /* Info.plist */ = {isa = PBXFileReference; lastKnownFileType = text.plist.xml; path = Info.plist; sourceTree = "<group>"; };
		9F8848BE1A928A27007F62EF /* ViewController.swift */ = {isa = PBXFileReference; lastKnownFileType = sourcecode.swift; path = ViewController.swift; sourceTree = "<group>"; };
		9F8848C11A928A27007F62EF /* Base */ = {isa = PBXFileReference; lastKnownFileType = file.storyboard; name = Base; path = Base.lproj/Main.storyboard; sourceTree = "<group>"; };
		9F8848CC1A928A27007F62EF /* CalculatorTests.xctest */ = {isa = PBXFileReference; explicitFileType = wrapper.cfbundle; includeInIndex = 0; path = CalculatorTests.xctest; sourceTree = BUILT_PRODUCTS_DIR; };
		9F8848D11A928A27007F62EF /* Info.plist */ = {isa = PBXFileReference; lastKnownFileType = text.plist.xml; path = Info.plist; sourceTree = "<group>"; };
		9F8848D21A928A27007F62EF /* CalculatorTests.swift */ = {isa = PBXFileReference; lastKnownFileType = sourcecode.swift; path = CalculatorTests.swift; sourceTree = "<group>"; };
		9F8848DC1A9296A4007F62EF /* AppDelegate.swift */ = {isa = PBXFileReference; fileEncoding = 4; lastKnownFileType = sourcecode.swift; path = AppDelegate.swift; sourceTree = "<group>"; };
/* End PBXFileReference section */

/* Begin PBXFrameworksBuildPhase section */
		9F8848B41A928A27007F62EF /* Frameworks */ = {
			isa = PBXFrameworksBuildPhase;
			buildActionMask = 2147483647;
			files = (
			);
			runOnlyForDeploymentPostprocessing = 0;
		};
		9F8848C91A928A27007F62EF /* Frameworks */ = {
			isa = PBXFrameworksBuildPhase;
			buildActionMask = 2147483647;
			files = (
			);
			runOnlyForDeploymentPostprocessing = 0;
		};
/* End PBXFrameworksBuildPhase section */

/* Begin PBXGroup section */
		9F8848AE1A928A27007F62EF = {
			isa = PBXGroup;
			children = (
				9F8848B91A928A27007F62EF /* Calculator */,
				9F8848CF1A928A27007F62EF /* CalculatorTests */,
				9F8848B81A928A27007F62EF /* Products */,
			);
			sourceTree = "<group>";
		};
		9F8848B81A928A27007F62EF /* Products */ = {
			isa = PBXGroup;
			children = (
				9F8848B71A928A27007F62EF /* Calculator.app */,
				9F8848CC1A928A27007F62EF /* CalculatorTests.xctest */,
			);
			name = Products;
			sourceTree = "<group>";
		};
		9F8848B91A928A27007F62EF /* Calculator */ = {
			isa = PBXGroup;
			children = (
				9F8848DC1A9296A4007F62EF /* AppDelegate.swift */,
				9F8848BE1A928A27007F62EF /* ViewController.swift */,
				9F8848C01A928A27007F62EF /* Main.storyboard */,
				9F8848BA1A928A27007F62EF /* Supporting Files */,
			);
			path = Calculator;
			sourceTree = "<group>";
		};
		9F8848BA1A928A27007F62EF /* Supporting Files */ = {
			isa = PBXGroup;
			children = (
				9F8848BB1A928A27007F62EF /* Info.plist */,
			);
			name = "Supporting Files";
			sourceTree = "<group>";
		};
		9F8848CF1A928A27007F62EF /* CalculatorTests */ = {
			isa = PBXGroup;
			children = (
				9F8848D21A928A27007F62EF /* CalculatorTests.swift */,
				9F8848D01A928A27007F62EF /* Supporting Files */,
			);
			path = CalculatorTests;
			sourceTree = "<group>";
		};
		9F8848D01A928A27007F62EF /* Supporting Files */ = {
			isa = PBXGroup;
			children = (
				9F8848D11A928A27007F62EF /* Info.plist */,
			);
			name = "Supporting Files";
			sourceTree = "<group>";
		};
/* End PBXGroup section */

/* Begin PBXNativeTarget section */
		9F8848B61A928A27007F62EF /* Calculator */ = {
			isa = PBXNativeTarget;
			buildConfigurationList = 9F8848D61A928A27007F62EF /* Build configuration list for PBXNativeTarget "Calculator" */;
			buildPhases = (
				9F8848B31A928A27007F62EF /* Sources */,
				9F8848B41A928A27007F62EF /* Frameworks */,
				9F8848B51A928A27007F62EF /* Resources */,
			);
			buildRules = (
			);
			dependencies = (
			);
			name = Calculator;
			productName = Calculator;
			productReference = 9F8848B71A928A27007F62EF /* Calculator.app */;
			productType = "com.apple.product-type.application";
		};
		9F8848CB1A928A27007F62EF /* CalculatorTests */ = {
			isa = PBXNativeTarget;
			buildConfigurationList = 9F8848D91A928A27007F62EF /* Build configuration list for PBXNativeTarget "CalculatorTests" */;
			buildPhases = (
				9F8848C81A928A27007F62EF /* Sources */,
				9F8848C91A928A27007F62EF /* Frameworks */,
				9F8848CA1A928A27007F62EF /* Resources */,
			);
			buildRules = (
			);
			dependencies = (
				9F8848CE1A928A27007F62EF /* PBXTargetDependency */,
			);
			name = CalculatorTests;
			productName = CalculatorTests;
			productReference = 9F8848CC1A928A27007F62EF /* CalculatorTests.xctest */;
			productType = "com.apple.product-type.bundle.unit-test";
		};
/* End PBXNativeTarget section */

/* Begin PBXProject section */
		9F8848AF1A928A27007F62EF /* Project object */ = {
			isa = PBXProject;
			attributes = {
				LastUpgradeCheck = 0610;
				ORGANIZATIONNAME = "Robert Collins";
				TargetAttributes = {
					9F8848B61A928A27007F62EF = {
						CreatedOnToolsVersion = 6.1.1;
					};
					9F8848CB1A928A27007F62EF = {
						CreatedOnToolsVersion = 6.1.1;
						TestTargetID = 9F8848B61A928A27007F62EF;
					};
				};
			};
			buildConfigurationList = 9F8848B21A928A27007F62EF /* Build configuration list for PBXProject "Calculator" */;
			compatibilityVersion = "Xcode 3.2";
			developmentRegion = English;
			hasScannedForEncodings = 0;
			knownRegions = (
				en,
				Base,
			);
			mainGroup = 9F8848AE1A928A27007F62EF;
			productRefGroup = 9F8848B81A928A27007F62EF /* Products */;
			projectDirPath = "";
			projectRoot = "";
			targets = (
				9F8848B61A928A27007F62EF /* Calculator */,
				9F8848CB1A928A27007F62EF /* CalculatorTests */,
			);
		};
/* End PBXProject section */

/* Begin PBXResourcesBuildPhase section */
		9F8848B51A928A27007F62EF /* Resources */ = {
			isa = PBXResourcesBuildPhase;
			buildActionMask = 2147483647;
			files = (
				9F8848C21A928A27007F62EF /* Main.storyboard in Resources */,
			);
			runOnlyForDeploymentPostprocessing = 0;
		};
		9F8848CA1A928A27007F62EF /* Resources */ = {
			isa = PBXResourcesBuildPhase;
			buildActionMask = 2147483647;
			files = (
			);
			runOnlyForDeploymentPostprocessing = 0;
		};
/* End PBXResourcesBuildPhase section */

/* Begin PBXSourcesBuildPhase section */
		9F8848B31A928A27007F62EF /* Sources */ = {
			isa = PBXSourcesBuildPhase;
			buildActionMask = 2147483647;
			files = (
				9F8848DD1A9296A4007F62EF /* AppDelegate.swift in Sources */,
				9F8848BF1A928A27007F62EF /* ViewController.swift in Sources */,
			);
			runOnlyForDeploymentPostprocessing = 0;
		};
		9F8848C81A928A27007F62EF /* Sources */ = {
			isa = PBXSourcesBuildPhase;
			buildActionMask = 2147483647;
			files = (
				9F8848D31A928A27007F62EF /* CalculatorTests.swift in Sources */,
			);
			runOnlyForDeploymentPostprocessing = 0;
		};
/* End PBXSourcesBuildPhase section */

/* Begin PBXTargetDependency section */
		9F8848CE1A928A27007F62EF /* PBXTargetDependency */ = {
			isa = PBXTargetDependency;
			target = 9F8848B61A928A27007F62EF /* Calculator */;
			targetProxy = 9F8848CD1A928A27007F62EF /* PBXContainerItemProxy */;
		};
/* End PBXTargetDependency section */

/* Begin PBXVariantGroup section */
		9F8848C01A928A27007F62EF /* Main.storyboard */ = {
			isa = PBXVariantGroup;
			children = (
				9F8848C11A928A27007F62EF /* Base */,
			);
			name = Main.storyboard;
			sourceTree = "<group>";
		};
/* End PBXVariantGroup section */

/* Begin XCBuildConfiguration section */
		9F8848D41A928A27007F62EF /* Debug */ = {
			isa = XCBuildConfiguration;
			buildSettings = {
				ALWAYS_SEARCH_USER_PATHS = NO;
				CLANG_CXX_LANGUAGE_STANDARD = "gnu++0x";
				CLANG_CXX_LIBRARY = "libc++";
				CLANG_ENABLE_MODULES = YES;
				CLANG_ENABLE_OBJC_ARC = YES;
				CLANG_WARN_BOOL_CONVERSION = YES;
				CLANG_WARN_CONSTANT_CONVERSION = YES;
				CLANG_WARN_DIRECT_OBJC_ISA_USAGE = YES_ERROR;
				CLANG_WARN_EMPTY_BODY = YES;
				CLANG_WARN_ENUM_CONVERSION = YES;
				CLANG_WARN_INT_CONVERSION = YES;
				CLANG_WARN_OBJC_ROOT_CLASS = YES_ERROR;
				CLANG_WARN_UNREACHABLE_CODE = YES;
				CLANG_WARN__DUPLICATE_METHOD_MATCH = YES;
				"CODE_SIGN_IDENTITY[sdk=iphoneos*]" = "iPhone Developer";
				COPY_PHASE_STRIP = NO;
				ENABLE_STRICT_OBJC_MSGSEND = YES;
				GCC_C_LANGUAGE_STANDARD = gnu99;
				GCC_DYNAMIC_NO_PIC = NO;
				GCC_OPTIMIZATION_LEVEL = 0;
				GCC_PREPROCESSOR_DEFINITIONS = (
					"DEBUG=1",
					"$(inherited)",
				);
				GCC_SYMBOLS_PRIVATE_EXTERN = NO;
				GCC_WARN_64_TO_32_BIT_CONVERSION = YES;
				GCC_WARN_ABOUT_RETURN_TYPE = YES_ERROR;
				GCC_WARN_UNDECLARED_SELECTOR = YES;
				GCC_WARN_UNINITIALIZED_AUTOS = YES_AGGRESSIVE;
				GCC_WARN_UNUSED_FUNCTION = YES;
				GCC_WARN_UNUSED_VARIABLE = YES;
				IPHONEOS_DEPLOYMENT_TARGET = 8.1;
				MTL_ENABLE_DEBUG_INFO = YES;
				ONLY_ACTIVE_ARCH = YES;
				SDKROOT = iphoneos;
				SWIFT_OPTIMIZATION_LEVEL = "-Onone";
				TARGETED_DEVICE_FAMILY = "1,2";
			};
			name = Debug;
		};
		9F8848D51A928A27007F62EF /* Release */ = {
			isa = XCBuildConfiguration;
			buildSettings = {
				ALWAYS_SEARCH_USER_PATHS = NO;
				CLANG_CXX_LANGUAGE_STANDARD = "gnu++0x";
				CLANG_CXX_LIBRARY = "libc++";
				CLANG_ENABLE_MODULES = YES;
				CLANG_ENABLE_OBJC_ARC = YES;
				CLANG_WARN_BOOL_CONVERSION = YES;
				CLANG_WARN_CONSTANT_CONVERSION = YES;
				CLANG_WARN_DIRECT_OBJC_ISA_USAGE = YES_ERROR;
				CLANG_WARN_EMPTY_BODY = YES;
				CLANG_WARN_ENUM_CONVERSION = YES;
				CLANG_WARN_INT_CONVERSION = YES;
				CLANG_WARN_OBJC_ROOT_CLASS = YES_ERROR;
				CLANG_WARN_UNREACHABLE_CODE = YES;
				CLANG_WARN__DUPLICATE_METHOD_MATCH = YES;
				"CODE_SIGN_IDENTITY[sdk=iphoneos*]" = "iPhone Developer";
				COPY_PHASE_STRIP = YES;
				ENABLE_NS_ASSERTIONS = NO;
				ENABLE_STRICT_OBJC_MSGSEND = YES;
				GCC_C_LANGUAGE_STANDARD = gnu99;
				GCC_WARN_64_TO_32_BIT_CONVERSION = YES;
				GCC_WARN_ABOUT_RETURN_TYPE = YES_ERROR;
				GCC_WARN_UNDECLARED_SELECTOR = YES;
				GCC_WARN_UNINITIALIZED_AUTOS = YES_AGGRESSIVE;
				GCC_WARN_UNUSED_FUNCTION = YES;
				GCC_WARN_UNUSED_VARIABLE = YES;
				IPHONEOS_DEPLOYMENT_TARGET = 8.1;
				MTL_ENABLE_DEBUG_INFO = NO;
				SDKROOT = iphoneos;
				TARGETED_DEVICE_FAMILY = "1,2";
				VALIDATE_PRODUCT = YES;
			};
			name = Release;
		};
		9F8848D71A928A27007F62EF /* Debug */ = {
			isa = XCBuildConfiguration;
			buildSettings = {
				ASSETCATALOG_COMPILER_APPICON_NAME = AppIcon;
				INFOPLIST_FILE = Calculator/Info.plist;
				LD_RUNPATH_SEARCH_PATHS = "$(inherited) @executable_path/Frameworks";
				PRODUCT_NAME = "$(TARGET_NAME)";
			};
			name = Debug;
		};
		9F8848D81A928A27007F62EF /* Release */ = {
			isa = XCBuildConfiguration;
			buildSettings = {
				ASSETCATALOG_COMPILER_APPICON_NAME = AppIcon;
				INFOPLIST_FILE = Calculator/Info.plist;
				LD_RUNPATH_SEARCH_PATHS = "$(inherited) @executable_path/Frameworks";
				PRODUCT_NAME = "$(TARGET_NAME)";
			};
			name = Release;
		};
		9F8848DA1A928A27007F62EF /* Debug */ = {
			isa = XCBuildConfiguration;
			buildSettings = {
				BUNDLE_LOADER = "$(TEST_HOST)";
				FRAMEWORK_SEARCH_PATHS = (
					"$(SDKROOT)/Developer/Library/Frameworks",
					"$(inherited)",
				);
				GCC_PREPROCESSOR_DEFINITIONS = (
					"DEBUG=1",
					"$(inherited)",
				);
				INFOPLIST_FILE = CalculatorTests/Info.plist;
				LD_RUNPATH_SEARCH_PATHS = "$(inherited) @executable_path/Frameworks @loader_path/Frameworks";
				PRODUCT_NAME = "$(TARGET_NAME)";
				TEST_HOST = "$(BUILT_PRODUCTS_DIR)/Calculator.app/Calculator";
			};
			name = Debug;
		};
		9F8848DB1A928A27007F62EF /* Release */ = {
			isa = XCBuildConfiguration;
			buildSettings = {
				BUNDLE_LOADER = "$(TEST_HOST)";
				FRAMEWORK_SEARCH_PATHS = (
					"$(SDKROOT)/Developer/Library/Frameworks",
					"$(inherited)",
				);
				INFOPLIST_FILE = CalculatorTests/Info.plist;
				LD_RUNPATH_SEARCH_PATHS = "$(inherited) @executable_path/Frameworks @loader_path/Frameworks";
				PRODUCT_NAME = "$(TARGET_NAME)";
				TEST_HOST = "$(BUILT_PRODUCTS_DIR)/Calculator.app/Calculator";
			};
			name = Release;
		};
/* End XCBuildConfiguration section */

/* Begin XCConfigurationList section */
		9F8848B21A928A27007F62EF /* Build configuration list for PBXProject "Calculator" */ = {
			isa = XCConfigurationList;
			buildConfigurations = (
				9F8848D41A928A27007F62EF /* Debug */,
				9F8848D51A928A27007F62EF /* Release */,
			);
			defaultConfigurationIsVisible = 0;
			defaultConfigurationName = Release;
		};
		9F8848D61A928A27007F62EF /* Build configuration list for PBXNativeTarget "Calculator" */ = {
			isa = XCConfigurationList;
			buildConfigurations = (
				9F8848D71A928A27007F62EF /* Debug */,
				9F8848D81A928A27007F62EF /* Release */,
			);
			defaultConfigurationIsVisible = 0;
		};
		9F8848D91A928A27007F62EF /* Build configuration list for PBXNativeTarget "CalculatorTests" */ = {
			isa = XCConfigurationList;
			buildConfigurations = (
				9F8848DA1A928A27007F62EF /* Debug */,
				9F8848DB1A928A27007F62EF /* Release */,
			);
			defaultConfigurationIsVisible = 0;
		};
/* End XCConfigurationList section */
	};
	rootObject = 9F8848AF1A928A27007F62EF /* Project object */;
}
